
Microsoft Visual Studio Solution File, Format Version 12.00
# Visual Studio 15
VisualStudioVersion = 15.0.27428.2011
MinimumVisualStudioVersion = 10.0.40219.1
Project("{FAE04EC0-301F-11D3-BF4B-00C04F79EFBC}") = "TS.App", "TS.App\TS.App.csproj", "{D8C7E239-CF08-4451-B4AB-CA2202DA5108}"
EndProject
Project("{FAE04EC0-301F-11D3-BF4B-00C04F79EFBC}") = "TS.Core", "TS.Core\TS.Core.csproj", "{2FDD29E1-583D-4C9F-9B8F-2B351499D1B3}"
EndProject
Global
	GlobalSection(SolutionConfigurationPlatforms) = preSolution
		Debug|Any CPU = Debug|Any CPU
		Debug|ARM = Debug|ARM
		Debug|x64 = Debug|x64
		Debug|x86 = Debug|x86
		Release|Any CPU = Release|Any CPU
		Release|ARM = Release|ARM
		Release|x64 = Release|x64
		Release|x86 = Release|x86
	EndGlobalSection
	GlobalSection(ProjectConfigurationPlatforms) = postSolution
		{D8C7E239-CF08-4451-B4AB-CA2202DA5108}.Debug|Any CPU.ActiveCfg = Debug|x86
		{D8C7E239-CF08-4451-B4AB-CA2202DA5108}.Debug|ARM.ActiveCfg = Debug|ARM
		{D8C7E239-CF08-4451-B4AB-CA2202DA5108}.Debug|ARM.Build.0 = Debug|ARM
		{D8C7E239-CF08-4451-B4AB-CA2202DA5108}.Debug|ARM.Deploy.0 = Debug|ARM
		{D8C7E239-CF08-4451-B4AB-CA2202DA5108}.Debug|x64.ActiveCfg = Debug|x64
		{D8C7E239-CF08-4451-B4AB-CA2202DA5108}.Debug|x64.Build.0 = Debug|x64
		{D8C7E239-CF08-4451-B4AB-CA2202DA5108}.Debug|x64.Deploy.0 = Debug|x64
		{D8C7E239-CF08-4451-B4AB-CA2202DA5108}.Debug|x86.ActiveCfg = Debug|x86
		{D8C7E239-CF08-4451-B4AB-CA2202DA5108}.Debug|x86.Build.0 = Debug|x86
		{D8C7E239-CF08-4451-B4AB-CA2202DA5108}.Debug|x86.Deploy.0 = Debug|x86
		{D8C7E239-CF08-4451-B4AB-CA2202DA5108}.Release|Any CPU.ActiveCfg = Release|x86
		{D8C7E239-CF08-4451-B4AB-CA2202DA5108}.Release|ARM.ActiveCfg = Release|ARM
		{D8C7E239-CF08-4451-B4AB-CA2202DA5108}.Release|ARM.Build.0 = Release|ARM
		{D8C7E239-CF08-4451-B4AB-CA2202DA5108}.Release|ARM.Deploy.0 = Release|ARM
		{D8C7E239-CF08-4451-B4AB-CA2202DA5108}.Release|x64.ActiveCfg = Release|x64
		{D8C7E239-CF08-4451-B4AB-CA2202DA5108}.Release|x64.Build.0 = Release|x64
		{D8C7E239-CF08-4451-B4AB-CA2202DA5108}.Release|x64.Deploy.0 = Release|x64
		{D8C7E239-CF08-4451-B4AB-CA2202DA5108}.Release|x86.ActiveCfg = Release|x86
		{D8C7E239-CF08-4451-B4AB-CA2202DA5108}.Release|x86.Build.0 = Release|x86
		{D8C7E239-CF08-4451-B4AB-CA2202DA5108}.Release|x86.Deploy.0 = Release|x86
		{2FDD29E1-583D-4C9F-9B8F-2B351499D1B3}.Debug|Any CPU.ActiveCfg = Debug|Any CPU
		{2FDD29E1-583D-4C9F-9B8F-2B351499D1B3}.Debug|Any CPU.Build.0 = Debug|Any CPU
		{2FDD29E1-583D-4C9F-9B8F-2B351499D1B3}.Debug|ARM.ActiveCfg = Debug|Any CPU
		{2FDD29E1-583D-4C9F-9B8F-2B351499D1B3}.Debug|ARM.Build.0 = Debug|Any CPU
		{2FDD29E1-583D-4C9F-9B8F-2B351499D1B3}.Debug|x64.ActiveCfg = Debug|Any CPU
		{2FDD29E1-583D-4C9F-9B8F-2B351499D1B3}.Debug|x64.Build.0 = Debug|Any CPU
		{2FDD29E1-583D-4C9F-9B8F-2B351499D1B3}.Debug|x86.ActiveCfg = Debug|Any CPU
		{2FDD29E1-583D-4C9F-9B8F-2B351499D1B3}.Debug|x86.Build.0 = Debug|Any CPU
		{2FDD29E1-583D-4C9F-9B8F-2B351499D1B3}.Release|Any CPU.ActiveCfg = Release|Any CPU
		{2FDD29E1-583D-4C9F-9B8F-2B351499D1B3}.Release|Any CPU.Build.0 = Release|Any CPU
		{2FDD29E1-583D-4C9F-9B8F-2B351499D1B3}.Release|ARM.ActiveCfg = Release|Any CPU
		{2FDD29E1-583D-4C9F-9B8F-2B351499D1B3}.Release|ARM.Build.0 = Release|Any CPU
		{2FDD29E1-583D-4C9F-9B8F-2B351499D1B3}.Release|x64.ActiveCfg = Release|Any CPU
		{2FDD29E1-583D-4C9F-9B8F-2B351499D1B3}.Release|x64.Build.0 = Release|Any CPU
		{2FDD29E1-583D-4C9F-9B8F-2B351499D1B3}.Release|x86.ActiveCfg = Release|Any CPU
		{2FDD29E1-583D-4C9F-9B8F-2B351499D1B3}.Release|x86.Build.0 = Release|Any CPU
	EndGlobalSection
	GlobalSection(SolutionProperties) = preSolution
		HideSolutionNode = FALSE
	EndGlobalSection
	GlobalSection(ExtensibilityGlobals) = postSolution
		SolutionGuid = {0D24DF40-1776-4190-974F-3B3EAAC26B30}
	EndGlobalSection
EndGlobal
